
Microsoft Visual Studio Solution File, Format Version 12.00
# Visual Studio 14
VisualStudioVersion = 14.0.25420.1
MinimumVisualStudioVersion = 10.0.40219.1
Project("{FAE04EC0-301F-11D3-BF4B-00C04F79EFBC}") = "CallCenterSystem.WebApi", "CallCenterSystem\CallCenterSystem.WebApi.csproj", "{0902B53D-51E3-4853-910C-50945EDE1E17}"
EndProject
Project("{FAE04EC0-301F-11D3-BF4B-00C04F79EFBC}") = "CallCanterSystem.BLL", "CallCanterSystem.BLL\CallCanterSystem.BLL.csproj", "{478350F4-BC33-4A05-82AF-09F5D8438940}"
EndProject
Project("{FAE04EC0-301F-11D3-BF4B-00C04F79EFBC}") = "CallCenterSystem.UTILS", "CallCenterSystem.UTILS\CallCenterSystem.UTILS.csproj", "{DD5C44C5-8261-4BCB-AA90-030CD0103176}"
EndProject
Project("{FAE04EC0-301F-11D3-BF4B-00C04F79EFBC}") = "CallCenterSystem.Data", "CallCenterSystem.Data\CallCenterSystem.Data.csproj", "{E5DDE79A-C89D-4017-AFF3-1580A64E3720}"
EndProject
Global
	GlobalSection(SolutionConfigurationPlatforms) = preSolution
		Debug|Any CPU = Debug|Any CPU
		Release|Any CPU = Release|Any CPU
	EndGlobalSection
	GlobalSection(ProjectConfigurationPlatforms) = postSolution
		{0902B53D-51E3-4853-910C-50945EDE1E17}.Debug|Any CPU.ActiveCfg = Debug|Any CPU
		{0902B53D-51E3-4853-910C-50945EDE1E17}.Debug|Any CPU.Build.0 = Debug|Any CPU
		{0902B53D-51E3-4853-910C-50945EDE1E17}.Release|Any CPU.ActiveCfg = Release|Any CPU
		{0902B53D-51E3-4853-910C-50945EDE1E17}.Release|Any CPU.Build.0 = Release|Any CPU
		{478350F4-BC33-4A05-82AF-09F5D8438940}.Debug|Any CPU.ActiveCfg = Debug|Any CPU
		{478350F4-BC33-4A05-82AF-09F5D8438940}.Debug|Any CPU.Build.0 = Debug|Any CPU
		{478350F4-BC33-4A05-82AF-09F5D8438940}.Release|Any CPU.ActiveCfg = Release|Any CPU
		{478350F4-BC33-4A05-82AF-09F5D8438940}.Release|Any CPU.Build.0 = Release|Any CPU
		{DD5C44C5-8261-4BCB-AA90-030CD0103176}.Debug|Any CPU.ActiveCfg = Debug|Any CPU
		{DD5C44C5-8261-4BCB-AA90-030CD0103176}.Debug|Any CPU.Build.0 = Debug|Any CPU
		{DD5C44C5-8261-4BCB-AA90-030CD0103176}.Release|Any CPU.ActiveCfg = Release|Any CPU
		{DD5C44C5-8261-4BCB-AA90-030CD0103176}.Release|Any CPU.Build.0 = Release|Any CPU
		{E5DDE79A-C89D-4017-AFF3-1580A64E3720}.Debug|Any CPU.ActiveCfg = Debug|Any CPU
		{E5DDE79A-C89D-4017-AFF3-1580A64E3720}.Debug|Any CPU.Build.0 = Debug|Any CPU
		{E5DDE79A-C89D-4017-AFF3-1580A64E3720}.Release|Any CPU.ActiveCfg = Release|Any CPU
		{E5DDE79A-C89D-4017-AFF3-1580A64E3720}.Release|Any CPU.Build.0 = Release|Any CPU
	EndGlobalSection
	GlobalSection(SolutionProperties) = preSolution
		HideSolutionNode = FALSE
	EndGlobalSection
EndGlobal
